
Microsoft Visual Studio Solution File, Format Version 12.00
# Visual Studio 15
VisualStudioVersion = 15.0.28307.2092
MinimumVisualStudioVersion = 10.0.40219.1
Project("{2150E333-8FDC-42A3-9474-1A3956D46DE8}") = "0_lib", "0_lib", "{38DB7A76-FCB0-40E3-8FCC-44834420D168}"
EndProject
Project("{2150E333-8FDC-42A3-9474-1A3956D46DE8}") = "1_dll", "1_dll", "{38DB3D35-C0E9-414F-9EDC-B94C88D1A1C5}"
EndProject
Project("{8BC9CEB8-8B4A-11D0-8D11-00A0C91BC942}") = "libflite", "thirdparty\flite-2.2\src\libflite.vcxproj", "{0FEF3401-AAEA-4406-A26A-F6CE7B741833}"
EndProject
Project("{8BC9CEB8-8B4A-11D0-8D11-00A0C91BC942}") = "libflite_cmulex", "thirdparty\flite-2.2\lang\cmulex\libflite_cmulex.vcxproj", "{24827B35-AB2F-4CCF-9E55-9273C9F4BC40}"
EndProject
Project("{8BC9CEB8-8B4A-11D0-8D11-00A0C91BC942}") = "libflite_usenglish", "thirdparty\flite-2.2\lang\usenglish\libflite_usenglish.vcxproj", "{D444101F-9BB0-4134-B2E1-0F165E934AF2}"
EndProject
Project("{8BC9CEB8-8B4A-11D0-8D11-00A0C91BC942}") = "libflite_cmu_us_kal", "thirdparty\flite-2.2\lang\cmu_us_kal\libflite_cmu_us_kal.vcxproj", "{6F5A57F3-C933-4704-A166-026175815EBD}"
EndProject
Project("{8BC9CEB8-8B4A-11D0-8D11-00A0C91BC942}") = "libflite_TTSEngineObj", "thirdparty\flite-2.2\sapi\FliteTTSEngineObj\libflite_TTSEngineObj.vcxproj", "{190BF306-14E8-449F-B343-5A42ECCD87C9}"
EndProject
Project("{8BC9CEB8-8B4A-11D0-8D11-00A0C91BC942}") = "FliteCMUGenericCG", "thirdparty\flite-2.2\sapi\FliteCMUGenericCG\FliteCMUGenericCG.vcxproj", "{CB643967-71C6-4C26-86D7-15051EF2E258}"
EndProject
Project("{8BC9CEB8-8B4A-11D0-8D11-00A0C91BC942}") = "FliteCMUKalDiphone", "thirdparty\flite-2.2\sapi\FliteCMUKalDiphone\FliteCMUKalDiphone.vcxproj", "{467B0E23-5B34-45DA-A1B6-9C86B07A2864}"
EndProject
Project("{8BC9CEB8-8B4A-11D0-8D11-00A0C91BC942}") = "libflite_cmu_cg", "thirdparty\flite-2.2\src\cg\libflite_cmu_cg.vcxproj", "{B66B42EB-AB13-4F5C-B971-F11AEC61D176}"
EndProject
Global
	GlobalSection(SolutionConfigurationPlatforms) = preSolution
		Debug|x64 = Debug|x64
		Release|x64 = Release|x64
	EndGlobalSection
	GlobalSection(ProjectConfigurationPlatforms) = postSolution
		{0FEF3401-AAEA-4406-A26A-F6CE7B741833}.Debug|x64.ActiveCfg = Debug|x64
		{0FEF3401-AAEA-4406-A26A-F6CE7B741833}.Debug|x64.Build.0 = Debug|x64
		{0FEF3401-AAEA-4406-A26A-F6CE7B741833}.Release|x64.ActiveCfg = Release|x64
		{0FEF3401-AAEA-4406-A26A-F6CE7B741833}.Release|x64.Build.0 = Release|x64
		{24827B35-AB2F-4CCF-9E55-9273C9F4BC40}.Debug|x64.ActiveCfg = Debug|x64
		{24827B35-AB2F-4CCF-9E55-9273C9F4BC40}.Debug|x64.Build.0 = Debug|x64
		{24827B35-AB2F-4CCF-9E55-9273C9F4BC40}.Release|x64.ActiveCfg = Release|x64
		{24827B35-AB2F-4CCF-9E55-9273C9F4BC40}.Release|x64.Build.0 = Release|x64
		{D444101F-9BB0-4134-B2E1-0F165E934AF2}.Debug|x64.ActiveCfg = Debug|x64
		{D444101F-9BB0-4134-B2E1-0F165E934AF2}.Debug|x64.Build.0 = Debug|x64
		{D444101F-9BB0-4134-B2E1-0F165E934AF2}.Release|x64.ActiveCfg = Release|x64
		{D444101F-9BB0-4134-B2E1-0F165E934AF2}.Release|x64.Build.0 = Release|x64
		{6F5A57F3-C933-4704-A166-026175815EBD}.Debug|x64.ActiveCfg = Debug|x64
		{6F5A57F3-C933-4704-A166-026175815EBD}.Debug|x64.Build.0 = Debug|x64
		{6F5A57F3-C933-4704-A166-026175815EBD}.Release|x64.ActiveCfg = Release|x64
		{6F5A57F3-C933-4704-A166-026175815EBD}.Release|x64.Build.0 = Release|x64
		{190BF306-14E8-449F-B343-5A42ECCD87C9}.Debug|x64.ActiveCfg = Debug|x64
		{190BF306-14E8-449F-B343-5A42ECCD87C9}.Debug|x64.Build.0 = Debug|x64
		{190BF306-14E8-449F-B343-5A42ECCD87C9}.Release|x64.ActiveCfg = Release|x64
		{190BF306-14E8-449F-B343-5A42ECCD87C9}.Release|x64.Build.0 = Release|x64
		{CB643967-71C6-4C26-86D7-15051EF2E258}.Debug|x64.ActiveCfg = Debug|x64
		{CB643967-71C6-4C26-86D7-15051EF2E258}.Debug|x64.Build.0 = Debug|x64
		{CB643967-71C6-4C26-86D7-15051EF2E258}.Release|x64.ActiveCfg = Release|x64
		{CB643967-71C6-4C26-86D7-15051EF2E258}.Release|x64.Build.0 = Release|x64
		{467B0E23-5B34-45DA-A1B6-9C86B07A2864}.Debug|x64.ActiveCfg = Debug|x64
		{467B0E23-5B34-45DA-A1B6-9C86B07A2864}.Debug|x64.Build.0 = Debug|x64
		{467B0E23-5B34-45DA-A1B6-9C86B07A2864}.Release|x64.ActiveCfg = Release|x64
		{467B0E23-5B34-45DA-A1B6-9C86B07A2864}.Release|x64.Build.0 = Release|x64
		{B66B42EB-AB13-4F5C-B971-F11AEC61D176}.Debug|x64.ActiveCfg = Debug|x64
		{B66B42EB-AB13-4F5C-B971-F11AEC61D176}.Debug|x64.Build.0 = Debug|x64
		{B66B42EB-AB13-4F5C-B971-F11AEC61D176}.Release|x64.ActiveCfg = Release|x64
		{B66B42EB-AB13-4F5C-B971-F11AEC61D176}.Release|x64.Build.0 = Release|x64
	EndGlobalSection
	GlobalSection(SolutionProperties) = preSolution
		HideSolutionNode = FALSE
	EndGlobalSection
	GlobalSection(NestedProjects) = preSolution
		{0FEF3401-AAEA-4406-A26A-F6CE7B741833} = {38DB7A76-FCB0-40E3-8FCC-44834420D168}
		{24827B35-AB2F-4CCF-9E55-9273C9F4BC40} = {38DB7A76-FCB0-40E3-8FCC-44834420D168}
		{D444101F-9BB0-4134-B2E1-0F165E934AF2} = {38DB7A76-FCB0-40E3-8FCC-44834420D168}
		{6F5A57F3-C933-4704-A166-026175815EBD} = {38DB7A76-FCB0-40E3-8FCC-44834420D168}
		{190BF306-14E8-449F-B343-5A42ECCD87C9} = {38DB7A76-FCB0-40E3-8FCC-44834420D168}
		{CB643967-71C6-4C26-86D7-15051EF2E258} = {38DB3D35-C0E9-414F-9EDC-B94C88D1A1C5}
		{467B0E23-5B34-45DA-A1B6-9C86B07A2864} = {38DB3D35-C0E9-414F-9EDC-B94C88D1A1C5}
		{B66B42EB-AB13-4F5C-B971-F11AEC61D176} = {38DB7A76-FCB0-40E3-8FCC-44834420D168}
	EndGlobalSection
	GlobalSection(ExtensibilityGlobals) = postSolution
		SolutionGuid = {FB6573B1-F38D-4C6C-A35F-81D63D4BE211}
	EndGlobalSection
EndGlobal
